// !$*UTF8*$!
{
	archiveVersion = 1;
	classes = {
	};
	objectVersion = 46;
	objects = {

/* Begin PBXBuildFile section */
		5288B8051D7D5AE90052222C /* main.m in Sources */ = {isa = PBXBuildFile; fileRef = 5288B8041D7D5AE90052222C /* main.m */; };
		5288B8081D7D5AE90052222C /* AppDelegate.m in Sources */ = {isa = PBXBuildFile; fileRef = 5288B8071D7D5AE90052222C /* AppDelegate.m */; };
		5288B80B1D7D5AE90052222C /* ViewController.m in Sources */ = {isa = PBXBuildFile; fileRef = 5288B80A1D7D5AE90052222C /* ViewController.m */; };
		5288B80E1D7D5AE90052222C /* Main.storyboard in Resources */ = {isa = PBXBuildFile; fileRef = 5288B80C1D7D5AE90052222C /* Main.storyboard */; };
		5288B8101D7D5AE90052222C /* Assets.xcassets in Resources */ = {isa = PBXBuildFile; fileRef = 5288B80F1D7D5AE90052222C /* Assets.xcassets */; };
		5288B8131D7D5AE90052222C /* LaunchScreen.storyboard in Resources */ = {isa = PBXBuildFile; fileRef = 5288B8111D7D5AE90052222C /* LaunchScreen.storyboard */; };
		5288B8271D7D5B270052222C /* LICENSE.txt in Resources */ = {isa = PBXBuildFile; fileRef = 5288B81C1D7D5B270052222C /* LICENSE.txt */; };
		5288B8281D7D5B270052222C /* Reachability.m in Sources */ = {isa = PBXBuildFile; fileRef = 5288B81E1D7D5B270052222C /* Reachability.m */; };
		5288B8291D7D5B270052222C /* ReadMe.md in Sources */ = {isa = PBXBuildFile; fileRef = 5288B81F1D7D5B270052222C /* ReadMe.md */; };
		5288B82A1D7D5B270052222C /* LICENSE.txt in Resources */ = {isa = PBXBuildFile; fileRef = 5288B8211D7D5B270052222C /* LICENSE.txt */; };
		5288B82B1D7D5B270052222C /* README.md in Sources */ = {isa = PBXBuildFile; fileRef = 5288B8221D7D5B270052222C /* README.md */; };
		5288B82C1D7D5B270052222C /* SimplePing.m in Sources */ = {isa = PBXBuildFile; fileRef = 5288B8241D7D5B270052222C /* SimplePing.m */; };
		5288B82D1D7D5B270052222C /* CHTReachability.m in Sources */ = {isa = PBXBuildFile; fileRef = 5288B8261D7D5B270052222C /* CHTReachability.m */; };
		5288B82F1D7D5B360052222C /* SystemConfiguration.framework in Frameworks */ = {isa = PBXBuildFile; fileRef = 5288B82E1D7D5B360052222C /* SystemConfiguration.framework */; };
/* End PBXBuildFile section */

/* Begin PBXFileReference section */
		5288B8001D7D5AE90052222C /* Demo.app */ = {isa = PBXFileReference; explicitFileType = wrapper.application; includeInIndex = 0; path = Demo.app; sourceTree = BUILT_PRODUCTS_DIR; };
		5288B8041D7D5AE90052222C /* main.m */ = {isa = PBXFileReference; lastKnownFileType = sourcecode.c.objc; path = main.m; sourceTree = "<group>"; };
		5288B8061D7D5AE90052222C /* AppDelegate.h */ = {isa = PBXFileReference; lastKnownFileType = sourcecode.c.h; path = AppDelegate.h; sourceTree = "<group>"; };
		5288B8071D7D5AE90052222C /* AppDelegate.m */ = {isa = PBXFileReference; lastKnownFileType = sourcecode.c.objc; path = AppDelegate.m; sourceTree = "<group>"; };
		5288B8091D7D5AE90052222C /* ViewController.h */ = {isa = PBXFileReference; lastKnownFileType = sourcecode.c.h; path = ViewController.h; sourceTree = "<group>"; };
		5288B80A1D7D5AE90052222C /* ViewController.m */ = {isa = PBXFileReference; lastKnownFileType = sourcecode.c.objc; path = ViewController.m; sourceTree = "<group>"; };
		5288B80D1D7D5AE90052222C /* Base */ = {isa = PBXFileReference; lastKnownFileType = file.storyboard; name = Base; path = Base.lproj/Main.storyboard; sourceTree = "<group>"; };
		5288B80F1D7D5AE90052222C /* Assets.xcassets */ = {isa = PBXFileReference; lastKnownFileType = folder.assetcatalog; path = Assets.xcassets; sourceTree = "<group>"; };
		5288B8121D7D5AE90052222C /* Base */ = {isa = PBXFileReference; lastKnownFileType = file.storyboard; name = Base; path = Base.lproj/LaunchScreen.storyboard; sourceTree = "<group>"; };
		5288B8141D7D5AE90052222C /* Info.plist */ = {isa = PBXFileReference; lastKnownFileType = text.plist.xml; path = Info.plist; sourceTree = "<group>"; };
		5288B81C1D7D5B270052222C /* LICENSE.txt */ = {isa = PBXFileReference; fileEncoding = 4; lastKnownFileType = text; path = LICENSE.txt; sourceTree = "<group>"; };
		5288B81D1D7D5B270052222C /* Reachability.h */ = {isa = PBXFileReference; fileEncoding = 4; lastKnownFileType = sourcecode.c.h; path = Reachability.h; sourceTree = "<group>"; };
		5288B81E1D7D5B270052222C /* Reachability.m */ = {isa = PBXFileReference; fileEncoding = 4; lastKnownFileType = sourcecode.c.objc; path = Reachability.m; sourceTree = "<group>"; };
		5288B81F1D7D5B270052222C /* ReadMe.md */ = {isa = PBXFileReference; fileEncoding = 4; lastKnownFileType = net.daringfireball.markdown; path = ReadMe.md; sourceTree = "<group>"; };
		5288B8211D7D5B270052222C /* LICENSE.txt */ = {isa = PBXFileReference; fileEncoding = 4; lastKnownFileType = text; path = LICENSE.txt; sourceTree = "<group>"; };
		5288B8221D7D5B270052222C /* README.md */ = {isa = PBXFileReference; fileEncoding = 4; lastKnownFileType = net.daringfireball.markdown; path = README.md; sourceTree = "<group>"; };
		5288B8231D7D5B270052222C /* SimplePing.h */ = {isa = PBXFileReference; fileEncoding = 4; lastKnownFileType = sourcecode.c.h; path = SimplePing.h; sourceTree = "<group>"; };
		5288B8241D7D5B270052222C /* SimplePing.m */ = {isa = PBXFileReference; fileEncoding = 4; lastKnownFileType = sourcecode.c.objc; path = SimplePing.m; sourceTree = "<group>"; };
		5288B8251D7D5B270052222C /* CHTReachability.h */ = {isa = PBXFileReference; fileEncoding = 4; lastKnownFileType = sourcecode.c.h; name = CHTReachability.h; path = ../CHTReachability.h; sourceTree = "<group>"; };
		5288B8261D7D5B270052222C /* CHTReachability.m */ = {isa = PBXFileReference; fileEncoding = 4; lastKnownFileType = sourcecode.c.objc; name = CHTReachability.m; path = ../CHTReachability.m; sourceTree = "<group>"; };
		5288B82E1D7D5B360052222C /* SystemConfiguration.framework */ = {isa = PBXFileReference; lastKnownFileType = wrapper.framework; name = SystemConfiguration.framework; path = System/Library/Frameworks/SystemConfiguration.framework; sourceTree = SDKROOT; };
/* End PBXFileReference section */

/* Begin PBXFrameworksBuildPhase section */
		5288B7FD1D7D5AE90052222C /* Frameworks */ = {
			isa = PBXFrameworksBuildPhase;
			buildActionMask = 2147483647;
			files = (
				5288B82F1D7D5B360052222C /* SystemConfiguration.framework in Frameworks */,
			);
			runOnlyForDeploymentPostprocessing = 0;
		};
/* End PBXFrameworksBuildPhase section */

/* Begin PBXGroup section */
		5288B7F71D7D5AE90052222C = {
			isa = PBXGroup;
			children = (
				5288B82E1D7D5B360052222C /* SystemConfiguration.framework */,
				5288B81A1D7D5B270052222C /* Vender */,
				5288B8251D7D5B270052222C /* CHTReachability.h */,
				5288B8261D7D5B270052222C /* CHTReachability.m */,
				5288B8021D7D5AE90052222C /* Demo */,
				5288B8011D7D5AE90052222C /* Products */,
			);
			sourceTree = "<group>";
		};
		5288B8011D7D5AE90052222C /* Products */ = {
			isa = PBXGroup;
			children = (
				5288B8001D7D5AE90052222C /* Demo.app */,
			);
			name = Products;
			sourceTree = "<group>";
		};
		5288B8021D7D5AE90052222C /* Demo */ = {
			isa = PBXGroup;
			children = (
				5288B8061D7D5AE90052222C /* AppDelegate.h */,
				5288B8071D7D5AE90052222C /* AppDelegate.m */,
				5288B8091D7D5AE90052222C /* ViewController.h */,
				5288B80A1D7D5AE90052222C /* ViewController.m */,
				5288B80C1D7D5AE90052222C /* Main.storyboard */,
				5288B80F1D7D5AE90052222C /* Assets.xcassets */,
				5288B8111D7D5AE90052222C /* LaunchScreen.storyboard */,
				5288B8141D7D5AE90052222C /* Info.plist */,
				5288B8031D7D5AE90052222C /* Supporting Files */,
			);
			path = Demo;
			sourceTree = "<group>";
		};
		5288B8031D7D5AE90052222C /* Supporting Files */ = {
			isa = PBXGroup;
			children = (
				5288B8041D7D5AE90052222C /* main.m */,
			);
			name = "Supporting Files";
			sourceTree = "<group>";
		};
		5288B81A1D7D5B270052222C /* Vender */ = {
			isa = PBXGroup;
			children = (
				5288B81B1D7D5B270052222C /* Reachability */,
				5288B8201D7D5B270052222C /* SimplePing */,
			);
			name = Vender;
			path = ../Vender;
			sourceTree = "<group>";
		};
		5288B81B1D7D5B270052222C /* Reachability */ = {
			isa = PBXGroup;
			children = (
				5288B81C1D7D5B270052222C /* LICENSE.txt */,
				5288B81D1D7D5B270052222C /* Reachability.h */,
				5288B81E1D7D5B270052222C /* Reachability.m */,
				5288B81F1D7D5B270052222C /* ReadMe.md */,
			);
			path = Reachability;
			sourceTree = "<group>";
		};
		5288B8201D7D5B270052222C /* SimplePing */ = {
			isa = PBXGroup;
			children = (
				5288B8211D7D5B270052222C /* LICENSE.txt */,
				5288B8221D7D5B270052222C /* README.md */,
				5288B8231D7D5B270052222C /* SimplePing.h */,
				5288B8241D7D5B270052222C /* SimplePing.m */,
			);
			path = SimplePing;
			sourceTree = "<group>";
		};
/* End PBXGroup section */

/* Begin PBXNativeTarget section */
		5288B7FF1D7D5AE90052222C /* Demo */ = {
			isa = PBXNativeTarget;
			buildConfigurationList = 5288B8171D7D5AE90052222C /* Build configuration list for PBXNativeTarget "Demo" */;
			buildPhases = (
				5288B7FC1D7D5AE90052222C /* Sources */,
				5288B7FD1D7D5AE90052222C /* Frameworks */,
				5288B7FE1D7D5AE90052222C /* Resources */,
			);
			buildRules = (
			);
			dependencies = (
			);
			name = Demo;
			productName = Demo;
			productReference = 5288B8001D7D5AE90052222C /* Demo.app */;
			productType = "com.apple.product-type.application";
		};
/* End PBXNativeTarget section */

/* Begin PBXProject section */
		5288B7F81D7D5AE90052222C /* Project object */ = {
			isa = PBXProject;
			attributes = {
				LastUpgradeCheck = 0730;
				ORGANIZATIONNAME = nelson;
				TargetAttributes = {
					5288B7FF1D7D5AE90052222C = {
						CreatedOnToolsVersion = 7.3.1;
					};
				};
			};
			buildConfigurationList = 5288B7FB1D7D5AE90052222C /* Build configuration list for PBXProject "Demo" */;
			compatibilityVersion = "Xcode 3.2";
			developmentRegion = English;
			hasScannedForEncodings = 0;
			knownRegions = (
				en,
				Base,
			);
			mainGroup = 5288B7F71D7D5AE90052222C;
			productRefGroup = 5288B8011D7D5AE90052222C /* Products */;
			projectDirPath = "";
			projectRoot = "";
			targets = (
				5288B7FF1D7D5AE90052222C /* Demo */,
			);
		};
/* End PBXProject section */

/* Begin PBXResourcesBuildPhase section */
		5288B7FE1D7D5AE90052222C /* Resources */ = {
			isa = PBXResourcesBuildPhase;
			buildActionMask = 2147483647;
			files = (
				5288B8271D7D5B270052222C /* LICENSE.txt in Resources */,
				5288B8131D7D5AE90052222C /* LaunchScreen.storyboard in Resources */,
				5288B8101D7D5AE90052222C /* Assets.xcassets in Resources */,
				5288B82A1D7D5B270052222C /* LICENSE.txt in Resources */,
				5288B80E1D7D5AE90052222C /* Main.storyboard in Resources */,
			);
			runOnlyForDeploymentPostprocessing = 0;
		};
/* End PBXResourcesBuildPhase section */

/* Begin PBXSourcesBuildPhase section */
		5288B7FC1D7D5AE90052222C /* Sources */ = {
			isa = PBXSourcesBuildPhase;
			buildActionMask = 2147483647;
			files = (
				5288B82B1D7D5B270052222C /* README.md in Sources */,
				5288B80B1D7D5AE90052222C /* ViewController.m in Sources */,
				5288B8081D7D5AE90052222C /* AppDelegate.m in Sources */,
				5288B8281D7D5B270052222C /* Reachability.m in Sources */,
				5288B82D1D7D5B270052222C /* CHTReachability.m in Sources */,
				5288B8051D7D5AE90052222C /* main.m in Sources */,
				5288B82C1D7D5B270052222C /* SimplePing.m in Sources */,
				5288B8291D7D5B270052222C /* ReadMe.md in Sources */,
			);
			runOnlyForDeploymentPostprocessing = 0;
		};
/* End PBXSourcesBuildPhase section */

/* Begin PBXVariantGroup section */
		5288B80C1D7D5AE90052222C /* Main.storyboard */ = {
			isa = PBXVariantGroup;
			children = (
				5288B80D1D7D5AE90052222C /* Base */,
			);
			name = Main.storyboard;
			sourceTree = "<group>";
		};
		5288B8111D7D5AE90052222C /* LaunchScreen.storyboard */ = {
			isa = PBXVariantGroup;
			children = (
				5288B8121D7D5AE90052222C /* Base */,
			);
			name = LaunchScreen.storyboard;
			sourceTree = "<group>";
		};
/* End PBXVariantGroup section */

/* Begin XCBuildConfiguration section */
		5288B8151D7D5AE90052222C /* Debug */ = {
			isa = XCBuildConfiguration;
			buildSettings = {
				ALWAYS_SEARCH_USER_PATHS = NO;
				CLANG_ANALYZER_NONNULL = YES;
				CLANG_CXX_LANGUAGE_STANDARD = "gnu++0x";
				CLANG_CXX_LIBRARY = "libc++";
				CLANG_ENABLE_MODULES = YES;
				CLANG_ENABLE_OBJC_ARC = YES;
				CLANG_WARN_BOOL_CONVERSION = YES;
				CLANG_WARN_CONSTANT_CONVERSION = YES;
				CLANG_WARN_DIRECT_OBJC_ISA_USAGE = YES_ERROR;
				CLANG_WARN_EMPTY_BODY = YES;
				CLANG_WARN_ENUM_CONVERSION = YES;
				CLANG_WARN_INT_CONVERSION = YES;
				CLANG_WARN_OBJC_ROOT_CLASS = YES_ERROR;
				CLANG_WARN_UNREACHABLE_CODE = YES;
				CLANG_WARN__DUPLICATE_METHOD_MATCH = YES;
				"CODE_SIGN_IDENTITY[sdk=iphoneos*]" = "iPhone Developer";
				COPY_PHASE_STRIP = NO;
				DEBUG_INFORMATION_FORMAT = dwarf;
				ENABLE_STRICT_OBJC_MSGSEND = YES;
				ENABLE_TESTABILITY = YES;
				GCC_C_LANGUAGE_STANDARD = gnu99;
				GCC_DYNAMIC_NO_PIC = NO;
				GCC_NO_COMMON_BLOCKS = YES;
				GCC_OPTIMIZATION_LEVEL = 0;
				GCC_PREPROCESSOR_DEFINITIONS = (
					"DEBUG=1",
					"$(inherited)",
				);
				GCC_WARN_64_TO_32_BIT_CONVERSION = YES;
				GCC_WARN_ABOUT_RETURN_TYPE = YES_ERROR;
				GCC_WARN_UNDECLARED_SELECTOR = YES;
				GCC_WARN_UNINITIALIZED_AUTOS = YES_AGGRESSIVE;
				GCC_WARN_UNUSED_FUNCTION = YES;
				GCC_WARN_UNUSED_VARIABLE = YES;
				IPHONEOS_DEPLOYMENT_TARGET = 9.3;
				MTL_ENABLE_DEBUG_INFO = YES;
				ONLY_ACTIVE_ARCH = YES;
				SDKROOT = iphoneos;
			};
			name = Debug;
		};
		5288B8161D7D5AE90052222C /* Release */ = {
			isa = XCBuildConfiguration;
			buildSettings = {
				ALWAYS_SEARCH_USER_PATHS = NO;
				CLANG_ANALYZER_NONNULL = YES;
				CLANG_CXX_LANGUAGE_STANDARD = "gnu++0x";
				CLANG_CXX_LIBRARY = "libc++";
				CLANG_ENABLE_MODULES = YES;
				CLANG_ENABLE_OBJC_ARC = YES;
				CLANG_WARN_BOOL_CONVERSION = YES;
				CLANG_WARN_CONSTANT_CONVERSION = YES;
				CLANG_WARN_DIRECT_OBJC_ISA_USAGE = YES_ERROR;
				CLANG_WARN_EMPTY_BODY = YES;
				CLANG_WARN_ENUM_CONVERSION = YES;
				CLANG_WARN_INT_CONVERSION = YES;
				CLANG_WARN_OBJC_ROOT_CLASS = YES_ERROR;
				CLANG_WARN_UNREACHABLE_CODE = YES;
				CLANG_WARN__DUPLICATE_METHOD_MATCH = YES;
				"CODE_SIGN_IDENTITY[sdk=iphoneos*]" = "iPhone Developer";
				COPY_PHASE_STRIP = NO;
				DEBUG_INFORMATION_FORMAT = "dwarf-with-dsym";
				ENABLE_NS_ASSERTIONS = NO;
				ENABLE_STRICT_OBJC_MSGSEND = YES;
				GCC_C_LANGUAGE_STANDARD = gnu99;
				GCC_NO_COMMON_BLOCKS = YES;
				GCC_WARN_64_TO_32_BIT_CONVERSION = YES;
				GCC_WARN_ABOUT_RETURN_TYPE = YES_ERROR;
				GCC_WARN_UNDECLARED_SELECTOR = YES;
				GCC_WARN_UNINITIALIZED_AUTOS = YES_AGGRESSIVE;
				GCC_WARN_UNUSED_FUNCTION = YES;
				GCC_WARN_UNUSED_VARIABLE = YES;
				IPHONEOS_DEPLOYMENT_TARGET = 9.3;
				MTL_ENABLE_DEBUG_INFO = NO;
				SDKROOT = iphoneos;
				VALIDATE_PRODUCT = YES;
			};
			name = Release;
		};
		5288B8181D7D5AE90052222C /* Debug */ = {
			isa = XCBuildConfiguration;
			buildSettings = {
				ASSETCATALOG_COMPILER_APPICON_NAME = AppIcon;
				INFOPLIST_FILE = Demo/Info.plist;
				LD_RUNPATH_SEARCH_PATHS = "$(inherited) @executable_path/Frameworks";
				PRODUCT_BUNDLE_IDENTIFIER = com.nelson.Demo;
				PRODUCT_NAME = "$(TARGET_NAME)";
			};
			name = Debug;
		};
		5288B8191D7D5AE90052222C /* Release */ = {
			isa = XCBuildConfiguration;
			buildSettings = {
				ASSETCATALOG_COMPILER_APPICON_NAME = AppIcon;
				INFOPLIST_FILE = Demo/Info.plist;
				LD_RUNPATH_SEARCH_PATHS = "$(inherited) @executable_path/Frameworks";
				PRODUCT_BUNDLE_IDENTIFIER = com.nelson.Demo;
				PRODUCT_NAME = "$(TARGET_NAME)";
			};
			name = Release;
		};
/* End XCBuildConfiguration section */

/* Begin XCConfigurationList section */
		5288B7FB1D7D5AE90052222C /* Build configuration list for PBXProject "Demo" */ = {
			isa = XCConfigurationList;
			buildConfigurations = (
				5288B8151D7D5AE90052222C /* Debug */,
				5288B8161D7D5AE90052222C /* Release */,
			);
			defaultConfigurationIsVisible = 0;
			defaultConfigurationName = Release;
		};
		5288B8171D7D5AE90052222C /* Build configuration list for PBXNativeTarget "Demo" */ = {
			isa = XCConfigurationList;
			buildConfigurations = (
				5288B8181D7D5AE90052222C /* Debug */,
				5288B8191D7D5AE90052222C /* Release */,
			);
			defaultConfigurationIsVisible = 0;
		};
/* End XCConfigurationList section */
	};
	rootObject = 5288B7F81D7D5AE90052222C /* Project object */;
}
